Microsoft Visual Studio Solution File, Format Version 12.00
# Visual Studio Version 17
VisualStudioVersion = 17.5.2.0
MinimumVisualStudioVersion = 10.0.40219.1
Project("{FAE04EC0-301F-11D3-BF4B-00C04F79EFBC}") = "ServerWorld3D", "serverworld3d\ServerWorld3D.csproj", "{BC760CF0-38A9-F260-72B2-1D1BF66D6CB9}"
EndProject
Global
	GlobalSection(SolutionConfigurationPlatforms) = preSolution
		Debug|Any CPU = Debug|Any CPU
		Release|Any CPU = Release|Any CPU
	EndGlobalSection
	GlobalSection(ProjectConfigurationPlatforms) = postSolution
		{BC760CF0-38A9-F260-72B2-1D1BF66D6CB9}.Debug|Any CPU.ActiveCfg = Debug|Any CPU
		{BC760CF0-38A9-F260-72B2-1D1BF66D6CB9}.Debug|Any CPU.Build.0 = Debug|Any CPU
		{BC760CF0-38A9-F260-72B2-1D1BF66D6CB9}.Release|Any CPU.ActiveCfg = Release|Any CPU
		{BC760CF0-38A9-F260-72B2-1D1BF66D6CB9}.Release|Any CPU.Build.0 = Release|Any CPU
	EndGlobalSection
	GlobalSection(SolutionProperties) = preSolution
		HideSolutionNode = FALSE
	EndGlobalSection
	GlobalSection(ExtensibilityGlobals) = postSolution
		SolutionGuid = {DAE99168-D6D4-4C09-A613-EE950292D51A}
	EndGlobalSection
EndGlobal
